
Microsoft Visual Studio Solution File, Format Version 12.00
# Visual Studio Version 16
VisualStudioVersion = 16.0.32802.440
MinimumVisualStudioVersion = 10.0.40219.1
Project("{8BC9CEB8-8B4A-11D0-8D11-00A0C91BC942}") = "FetTester", "FetTester\FetTester.vcxproj", "{1671FAC7-CACC-45D8-9201-B2F1D6D0A268}"
EndProject
Global
	GlobalSection(SolutionConfigurationPlatforms) = preSolution
		Debug|VisualGDB = Debug|VisualGDB
		Release|VisualGDB = Release|VisualGDB
	EndGlobalSection
	GlobalSection(ProjectConfigurationPlatforms) = postSolution
		{1671FAC7-CACC-45D8-9201-B2F1D6D0A268}.Debug|VisualGDB.ActiveCfg = Debug|VisualGDB
		{1671FAC7-CACC-45D8-9201-B2F1D6D0A268}.Debug|VisualGDB.Build.0 = Debug|VisualGDB
		{1671FAC7-CACC-45D8-9201-B2F1D6D0A268}.Release|VisualGDB.ActiveCfg = Release|VisualGDB
		{1671FAC7-CACC-45D8-9201-B2F1D6D0A268}.Release|VisualGDB.Build.0 = Release|VisualGDB
	EndGlobalSection
	GlobalSection(SolutionProperties) = preSolution
		HideSolutionNode = FALSE
	EndGlobalSection
	GlobalSection(ExtensibilityGlobals) = postSolution
		SolutionGuid = {30BE39A6-3924-441C-B950-8D1A72DA9532}
	EndGlobalSection
EndGlobal
